
Microsoft Visual Studio Solution File, Format Version 12.00
# Visual Studio 14
VisualStudioVersion = 14.0.23107.0
MinimumVisualStudioVersion = 10.0.40219.1
Project("{FAE04EC0-301F-11D3-BF4B-00C04F79EFBC}") = "Conv2", "Conv2\Conv2.csproj", "{27CDFEC5-93A3-4F31-BBA7-E3162C80530F}"
EndProject
Global
	GlobalSection(SolutionConfigurationPlatforms) = preSolution
		Debug|Any CPU = Debug|Any CPU
		Release|Any CPU = Release|Any CPU
	EndGlobalSection
	GlobalSection(ProjectConfigurationPlatforms) = postSolution
		{27CDFEC5-93A3-4F31-BBA7-E3162C80530F}.Debug|Any CPU.ActiveCfg = Debug|Any CPU
		{27CDFEC5-93A3-4F31-BBA7-E3162C80530F}.Debug|Any CPU.Build.0 = Debug|Any CPU
		{27CDFEC5-93A3-4F31-BBA7-E3162C80530F}.Release|Any CPU.ActiveCfg = Release|Any CPU
		{27CDFEC5-93A3-4F31-BBA7-E3162C80530F}.Release|Any CPU.Build.0 = Release|Any CPU
	EndGlobalSection
	GlobalSection(SolutionProperties) = preSolution
		HideSolutionNode = FALSE
	EndGlobalSection
EndGlobal
